{
  "object": {
    "pins": [
      {
        "package": "Kingfisher",
        "repositoryURL": "https://github.com/onevcat/Kingfisher",
        "state": {
          "branch": null,
          "revision": "1339ebea9498ef6c3fc75cc195d7163d7c7167f9",
          "version": "5.14.1"
        }
      },
      {
        "package": "TinyNetworking",
        "repositoryURL": "https://github.com/objcio/tiny-networking",
        "state": {
          "branch": null,
          "revision": "15a416c762e2a91f9eac73b3fbe55adf571c3aba",
          "version": "0.4.0"
        }
      },
      {
        "package": "VisualEffects",
        "repositoryURL": "https://github.com/twostraws/VisualEffects",
        "state": {
          "branch": null,
          "revision": "053afdddfe4eefa6ed2f445511d455cfeb546896",
          "version": "1.0.2"
        }
      }
    ]
  },
  "version": 1
}
