// !$*UTF8*$!
{
	archiveVersion = 1;
	classes = {
	};
	objectVersion = 52;
	objects = {

/* Begin PBXBuildFile section */
		372B80EF24BE3C3300A2B325 /* RootViewController.swift in Sources */ = {isa = PBXBuildFile; fileRef = 372B80EE24BE3C3300A2B325 /* RootViewController.swift */; };
		372B80F624BE3CCB00A2B325 /* Reducer.swift in Sources */ = {isa = PBXBuildFile; fileRef = 372B80F124BE3CCB00A2B325 /* Reducer.swift */; };
		372B80F724BE3CCB00A2B325 /* AppAction.swift in Sources */ = {isa = PBXBuildFile; fileRef = 372B80F224BE3CCB00A2B325 /* AppAction.swift */; };
		372B80F824BE3CCB00A2B325 /* World.swift in Sources */ = {isa = PBXBuildFile; fileRef = 372B80F324BE3CCB00A2B325 /* World.swift */; };
		372B80F924BE3CCB00A2B325 /* AppState.swift in Sources */ = {isa = PBXBuildFile; fileRef = 372B80F424BE3CCB00A2B325 /* AppState.swift */; };
		372B80FA24BE3CCB00A2B325 /* Store.swift in Sources */ = {isa = PBXBuildFile; fileRef = 372B80F524BE3CCB00A2B325 /* Store.swift */; };
		372B80FD24BE3CE300A2B325 /* Post.swift in Sources */ = {isa = PBXBuildFile; fileRef = 372B80FC24BE3CE300A2B325 /* Post.swift */; };
		372B810524BE3D0D00A2B325 /* URLSessionDataTaskPublisher+validate.swift in Sources */ = {isa = PBXBuildFile; fileRef = 372B810124BE3D0D00A2B325 /* URLSessionDataTaskPublisher+validate.swift */; };
		372B810A24BE3DA900A2B325 /* FeedCell.swift in Sources */ = {isa = PBXBuildFile; fileRef = 372B810924BE3DA900A2B325 /* FeedCell.swift */; };
		3761E1A524BE3FA2001BAD71 /* HomeFeedViewController.swift in Sources */ = {isa = PBXBuildFile; fileRef = 3761E1A424BE3FA2001BAD71 /* HomeFeedViewController.swift */; };
		3762ED6F24BE8F370092DECF /* CompactViewController.swift in Sources */ = {isa = PBXBuildFile; fileRef = 3762ED6E24BE8F370092DECF /* CompactViewController.swift */; };
		377DAA0124BE3AC90018E7C6 /* AppDelegate.swift in Sources */ = {isa = PBXBuildFile; fileRef = 377DAA0024BE3AC90018E7C6 /* AppDelegate.swift */; };
		377DAA0324BE3AC90018E7C6 /* SceneDelegate.swift in Sources */ = {isa = PBXBuildFile; fileRef = 377DAA0224BE3AC90018E7C6 /* SceneDelegate.swift */; };
		377DAA0724BE3AC90018E7C6 /* Assets.xcassets in Resources */ = {isa = PBXBuildFile; fileRef = 377DAA0624BE3AC90018E7C6 /* Assets.xcassets */; };
		377DAA0A24BE3AC90018E7C6 /* Preview Assets.xcassets in Resources */ = {isa = PBXBuildFile; fileRef = 377DAA0924BE3AC90018E7C6 /* Preview Assets.xcassets */; };
		3784EA6324BE5EA900EBCB9C /* KingfisherSwiftUIStatic in Frameworks */ = {isa = PBXBuildFile; productRef = 3784EA6224BE5EA900EBCB9C /* KingfisherSwiftUIStatic */; };
		3784EA6524BE62D000EBCB9C /* FeedCellContentView.swift in Sources */ = {isa = PBXBuildFile; fileRef = 3784EA6424BE62D000EBCB9C /* FeedCellContentView.swift */; };
/* End PBXBuildFile section */

/* Begin PBXFileReference section */
		372B80EE24BE3C3300A2B325 /* RootViewController.swift */ = {isa = PBXFileReference; lastKnownFileType = sourcecode.swift; path = RootViewController.swift; sourceTree = "<group>"; };
		372B80F124BE3CCB00A2B325 /* Reducer.swift */ = {isa = PBXFileReference; fileEncoding = 4; lastKnownFileType = sourcecode.swift; path = Reducer.swift; sourceTree = "<group>"; };
		372B80F224BE3CCB00A2B325 /* AppAction.swift */ = {isa = PBXFileReference; fileEncoding = 4; lastKnownFileType = sourcecode.swift; path = AppAction.swift; sourceTree = "<group>"; };
		372B80F324BE3CCB00A2B325 /* World.swift */ = {isa = PBXFileReference; fileEncoding = 4; lastKnownFileType = sourcecode.swift; path = World.swift; sourceTree = "<group>"; };
		372B80F424BE3CCB00A2B325 /* AppState.swift */ = {isa = PBXFileReference; fileEncoding = 4; lastKnownFileType = sourcecode.swift; path = AppState.swift; sourceTree = "<group>"; };
		372B80F524BE3CCB00A2B325 /* Store.swift */ = {isa = PBXFileReference; fileEncoding = 4; lastKnownFileType = sourcecode.swift; path = Store.swift; sourceTree = "<group>"; };
		372B80FC24BE3CE300A2B325 /* Post.swift */ = {isa = PBXFileReference; fileEncoding = 4; lastKnownFileType = sourcecode.swift; path = Post.swift; sourceTree = "<group>"; };
		372B810124BE3D0D00A2B325 /* URLSessionDataTaskPublisher+validate.swift */ = {isa = PBXFileReference; fileEncoding = 4; lastKnownFileType = sourcecode.swift; path = "URLSessionDataTaskPublisher+validate.swift"; sourceTree = "<group>"; };
		372B810924BE3DA900A2B325 /* FeedCell.swift */ = {isa = PBXFileReference; lastKnownFileType = sourcecode.swift; path = FeedCell.swift; sourceTree = "<group>"; };
		3761E1A424BE3FA2001BAD71 /* HomeFeedViewController.swift */ = {isa = PBXFileReference; lastKnownFileType = sourcecode.swift; path = HomeFeedViewController.swift; sourceTree = "<group>"; };
		3762ED6E24BE8F370092DECF /* CompactViewController.swift */ = {isa = PBXFileReference; lastKnownFileType = sourcecode.swift; path = CompactViewController.swift; sourceTree = "<group>"; };
		377DA9FD24BE3AC90018E7C6 /* Feeds.app */ = {isa = PBXFileReference; explicitFileType = wrapper.application; includeInIndex = 0; path = Feeds.app; sourceTree = BUILT_PRODUCTS_DIR; };
		377DAA0024BE3AC90018E7C6 /* AppDelegate.swift */ = {isa = PBXFileReference; lastKnownFileType = sourcecode.swift; path = AppDelegate.swift; sourceTree = "<group>"; };
		377DAA0224BE3AC90018E7C6 /* SceneDelegate.swift */ = {isa = PBXFileReference; lastKnownFileType = sourcecode.swift; path = SceneDelegate.swift; sourceTree = "<group>"; };
		377DAA0624BE3AC90018E7C6 /* Assets.xcassets */ = {isa = PBXFileReference; lastKnownFileType = folder.assetcatalog; path = Assets.xcassets; sourceTree = "<group>"; };
		377DAA0924BE3AC90018E7C6 /* Preview Assets.xcassets */ = {isa = PBXFileReference; lastKnownFileType = folder.assetcatalog; path = "Preview Assets.xcassets"; sourceTree = "<group>"; };
		377DAA0E24BE3AC90018E7C6 /* Info.plist */ = {isa = PBXFileReference; lastKnownFileType = text.plist.xml; path = Info.plist; sourceTree = "<group>"; };
		3784EA6424BE62D000EBCB9C /* FeedCellContentView.swift */ = {isa = PBXFileReference; lastKnownFileType = sourcecode.swift; path = FeedCellContentView.swift; sourceTree = "<group>"; };
/* End PBXFileReference section */

/* Begin PBXFrameworksBuildPhase section */
		377DA9FA24BE3AC90018E7C6 /* Frameworks */ = {
			isa = PBXFrameworksBuildPhase;
			buildActionMask = 2147483647;
			files = (
				3784EA6324BE5EA900EBCB9C /* KingfisherSwiftUIStatic in Frameworks */,
			);
			runOnlyForDeploymentPostprocessing = 0;
		};
/* End PBXFrameworksBuildPhase section */

/* Begin PBXGroup section */
		372B80F024BE3CAF00A2B325 /* App */ = {
			isa = PBXGroup;
			children = (
				372B80F424BE3CCB00A2B325 /* AppState.swift */,
				372B80F224BE3CCB00A2B325 /* AppAction.swift */,
				372B80F324BE3CCB00A2B325 /* World.swift */,
				372B80F124BE3CCB00A2B325 /* Reducer.swift */,
				372B80F524BE3CCB00A2B325 /* Store.swift */,
			);
			path = App;
			sourceTree = "<group>";
		};
		372B80FB24BE3CD800A2B325 /* Models */ = {
			isa = PBXGroup;
			children = (
				372B80FC24BE3CE300A2B325 /* Post.swift */,
			);
			path = Models;
			sourceTree = "<group>";
		};
		372B80FE24BE3D0200A2B325 /* Extensions */ = {
			isa = PBXGroup;
			children = (
				372B810124BE3D0D00A2B325 /* URLSessionDataTaskPublisher+validate.swift */,
			);
			path = Extensions;
			sourceTree = "<group>";
		};
		372B810724BE3D1800A2B325 /* Views */ = {
			isa = PBXGroup;
			children = (
				3784EA6424BE62D000EBCB9C /* FeedCellContentView.swift */,
				372B810924BE3DA900A2B325 /* FeedCell.swift */,
			);
			path = Views;
			sourceTree = "<group>";
		};
		372B810824BE3D1D00A2B325 /* View Controllers */ = {
			isa = PBXGroup;
			children = (
				372B80EE24BE3C3300A2B325 /* RootViewController.swift */,
				3762ED6E24BE8F370092DECF /* CompactViewController.swift */,
				3761E1A424BE3FA2001BAD71 /* HomeFeedViewController.swift */,
			);
			path = "View Controllers";
			sourceTree = "<group>";
		};
		377DA9F424BE3AC90018E7C6 = {
			isa = PBXGroup;
			children = (
				377DA9FF24BE3AC90018E7C6 /* Feeds */,
				377DA9FE24BE3AC90018E7C6 /* Products */,
			);
			sourceTree = "<group>";
		};
		377DA9FE24BE3AC90018E7C6 /* Products */ = {
			isa = PBXGroup;
			children = (
				377DA9FD24BE3AC90018E7C6 /* Feeds.app */,
			);
			name = Products;
			sourceTree = "<group>";
		};
		377DA9FF24BE3AC90018E7C6 /* Feeds */ = {
			isa = PBXGroup;
			children = (
				377DAA0024BE3AC90018E7C6 /* AppDelegate.swift */,
				377DAA0224BE3AC90018E7C6 /* SceneDelegate.swift */,
				372B80F024BE3CAF00A2B325 /* App */,
				372B80FB24BE3CD800A2B325 /* Models */,
				372B810824BE3D1D00A2B325 /* View Controllers */,
				372B810724BE3D1800A2B325 /* Views */,
				372B80FE24BE3D0200A2B325 /* Extensions */,
				377DAA0624BE3AC90018E7C6 /* Assets.xcassets */,
				377DAA0E24BE3AC90018E7C6 /* Info.plist */,
				377DAA0824BE3AC90018E7C6 /* Preview Content */,
			);
			path = Feeds;
			sourceTree = "<group>";
		};
		377DAA0824BE3AC90018E7C6 /* Preview Content */ = {
			isa = PBXGroup;
			children = (
				377DAA0924BE3AC90018E7C6 /* Preview Assets.xcassets */,
			);
			path = "Preview Content";
			sourceTree = "<group>";
		};
/* End PBXGroup section */

/* Begin PBXNativeTarget section */
		377DA9FC24BE3AC90018E7C6 /* Feeds */ = {
			isa = PBXNativeTarget;
			buildConfigurationList = 377DAA1124BE3AC90018E7C6 /* Build configuration list for PBXNativeTarget "Feeds" */;
			buildPhases = (
				377DA9F924BE3AC90018E7C6 /* Sources */,
				377DA9FA24BE3AC90018E7C6 /* Frameworks */,
				377DA9FB24BE3AC90018E7C6 /* Resources */,
			);
			buildRules = (
			);
			dependencies = (
			);
			name = Feeds;
			packageProductDependencies = (
				3784EA6224BE5EA900EBCB9C /* KingfisherSwiftUIStatic */,
			);
			productName = Feedsy;
			productReference = 377DA9FD24BE3AC90018E7C6 /* Feeds.app */;
			productType = "com.apple.product-type.application";
		};
/* End PBXNativeTarget section */

/* Begin PBXProject section */
		377DA9F524BE3AC90018E7C6 /* Project object */ = {
			isa = PBXProject;
			attributes = {
				LastSwiftUpdateCheck = 1200;
				LastUpgradeCheck = 1200;
				TargetAttributes = {
					377DA9FC24BE3AC90018E7C6 = {
						CreatedOnToolsVersion = 12.0;
					};
				};
			};
			buildConfigurationList = 377DA9F824BE3AC90018E7C6 /* Build configuration list for PBXProject "Feeds" */;
			compatibilityVersion = "Xcode 9.3";
			developmentRegion = en;
			hasScannedForEncodings = 0;
			knownRegions = (
				en,
				Base,
			);
			mainGroup = 377DA9F424BE3AC90018E7C6;
			packageReferences = (
				3784EA6124BE5EA900EBCB9C /* XCRemoteSwiftPackageReference "Kingfisher" */,
			);
			productRefGroup = 377DA9FE24BE3AC90018E7C6 /* Products */;
			projectDirPath = "";
			projectRoot = "";
			targets = (
				377DA9FC24BE3AC90018E7C6 /* Feeds */,
			);
		};
/* End PBXProject section */

/* Begin PBXResourcesBuildPhase section */
		377DA9FB24BE3AC90018E7C6 /* Resources */ = {
			isa = PBXResourcesBuildPhase;
			buildActionMask = 2147483647;
			files = (
				377DAA0A24BE3AC90018E7C6 /* Preview Assets.xcassets in Resources */,
				377DAA0724BE3AC90018E7C6 /* Assets.xcassets in Resources */,
			);
			runOnlyForDeploymentPostprocessing = 0;
		};
/* End PBXResourcesBuildPhase section */

/* Begin PBXSourcesBuildPhase section */
		377DA9F924BE3AC90018E7C6 /* Sources */ = {
			isa = PBXSourcesBuildPhase;
			buildActionMask = 2147483647;
			files = (
				377DAA0124BE3AC90018E7C6 /* AppDelegate.swift in Sources */,
				3784EA6524BE62D000EBCB9C /* FeedCellContentView.swift in Sources */,
				372B80F724BE3CCB00A2B325 /* AppAction.swift in Sources */,
				377DAA0324BE3AC90018E7C6 /* SceneDelegate.swift in Sources */,
				372B80FA24BE3CCB00A2B325 /* Store.swift in Sources */,
				372B80F924BE3CCB00A2B325 /* AppState.swift in Sources */,
				372B80EF24BE3C3300A2B325 /* RootViewController.swift in Sources */,
				372B810A24BE3DA900A2B325 /* FeedCell.swift in Sources */,
				372B80F624BE3CCB00A2B325 /* Reducer.swift in Sources */,
				372B80F824BE3CCB00A2B325 /* World.swift in Sources */,
				372B810524BE3D0D00A2B325 /* URLSessionDataTaskPublisher+validate.swift in Sources */,
				3762ED6F24BE8F370092DECF /* CompactViewController.swift in Sources */,
				372B80FD24BE3CE300A2B325 /* Post.swift in Sources */,
				3761E1A524BE3FA2001BAD71 /* HomeFeedViewController.swift in Sources */,
			);
			runOnlyForDeploymentPostprocessing = 0;
		};
/* End PBXSourcesBuildPhase section */

/* Begin XCBuildConfiguration section */
		377DAA0F24BE3AC90018E7C6 /* Debug */ = {
			isa = XCBuildConfiguration;
			buildSettings = {
				ALWAYS_SEARCH_USER_PATHS = NO;
				CLANG_ANALYZER_NONNULL = YES;
				CLANG_ANALYZER_NUMBER_OBJECT_CONVERSION = YES_AGGRESSIVE;
				CLANG_CXX_LANGUAGE_STANDARD = "gnu++14";
				CLANG_CXX_LIBRARY = "libc++";
				CLANG_ENABLE_MODULES = YES;
				CLANG_ENABLE_OBJC_ARC = YES;
				CLANG_ENABLE_OBJC_WEAK = YES;
				CLANG_WARN_BLOCK_CAPTURE_AUTORELEASING = YES;
				CLANG_WARN_BOOL_CONVERSION = YES;
				CLANG_WARN_COMMA = YES;
				CLANG_WARN_CONSTANT_CONVERSION = YES;
				CLANG_WARN_DEPRECATED_OBJC_IMPLEMENTATIONS = YES;
				CLANG_WARN_DIRECT_OBJC_ISA_USAGE = YES_ERROR;
				CLANG_WARN_DOCUMENTATION_COMMENTS = YES;
				CLANG_WARN_EMPTY_BODY = YES;
				CLANG_WARN_ENUM_CONVERSION = YES;
				CLANG_WARN_INFINITE_RECURSION = YES;
				CLANG_WARN_INT_CONVERSION = YES;
				CLANG_WARN_NON_LITERAL_NULL_CONVERSION = YES;
				CLANG_WARN_OBJC_IMPLICIT_RETAIN_SELF = YES;
				CLANG_WARN_OBJC_LITERAL_CONVERSION = YES;
				CLANG_WARN_OBJC_ROOT_CLASS = YES_ERROR;
				CLANG_WARN_QUOTED_INCLUDE_IN_FRAMEWORK_HEADER = YES;
				CLANG_WARN_RANGE_LOOP_ANALYSIS = YES;
				CLANG_WARN_STRICT_PROTOTYPES = YES;
				CLANG_WARN_SUSPICIOUS_MOVE = YES;
				CLANG_WARN_UNGUARDED_AVAILABILITY = YES_AGGRESSIVE;
				CLANG_WARN_UNREACHABLE_CODE = YES;
				CLANG_WARN__DUPLICATE_METHOD_MATCH = YES;
				COPY_PHASE_STRIP = NO;
				DEBUG_INFORMATION_FORMAT = dwarf;
				ENABLE_STRICT_OBJC_MSGSEND = YES;
				ENABLE_TESTABILITY = YES;
				GCC_C_LANGUAGE_STANDARD = gnu11;
				GCC_DYNAMIC_NO_PIC = NO;
				GCC_NO_COMMON_BLOCKS = YES;
				GCC_OPTIMIZATION_LEVEL = 0;
				GCC_PREPROCESSOR_DEFINITIONS = (
					"DEBUG=1",
					"$(inherited)",
				);
				GCC_WARN_64_TO_32_BIT_CONVERSION = YES;
				GCC_WARN_ABOUT_RETURN_TYPE = YES_ERROR;
				GCC_WARN_UNDECLARED_SELECTOR = YES;
				GCC_WARN_UNINITIALIZED_AUTOS = YES_AGGRESSIVE;
				GCC_WARN_UNUSED_FUNCTION = YES;
				GCC_WARN_UNUSED_VARIABLE = YES;
				IPHONEOS_DEPLOYMENT_TARGET = 14.0;
				MTL_ENABLE_DEBUG_INFO = INCLUDE_SOURCE;
				MTL_FAST_MATH = YES;
				ONLY_ACTIVE_ARCH = YES;
				SDKROOT = iphoneos;
				SWIFT_ACTIVE_COMPILATION_CONDITIONS = DEBUG;
				SWIFT_OPTIMIZATION_LEVEL = "-Onone";
			};
			name = Debug;
		};
		377DAA1024BE3AC90018E7C6 /* Release */ = {
			isa = XCBuildConfiguration;
			buildSettings = {
				ALWAYS_SEARCH_USER_PATHS = NO;
				CLANG_ANALYZER_NONNULL = YES;
				CLANG_ANALYZER_NUMBER_OBJECT_CONVERSION = YES_AGGRESSIVE;
				CLANG_CXX_LANGUAGE_STANDARD = "gnu++14";
				CLANG_CXX_LIBRARY = "libc++";
				CLANG_ENABLE_MODULES = YES;
				CLANG_ENABLE_OBJC_ARC = YES;
				CLANG_ENABLE_OBJC_WEAK = YES;
				CLANG_WARN_BLOCK_CAPTURE_AUTORELEASING = YES;
				CLANG_WARN_BOOL_CONVERSION = YES;
				CLANG_WARN_COMMA = YES;
				CLANG_WARN_CONSTANT_CONVERSION = YES;
				CLANG_WARN_DEPRECATED_OBJC_IMPLEMENTATIONS = YES;
				CLANG_WARN_DIRECT_OBJC_ISA_USAGE = YES_ERROR;
				CLANG_WARN_DOCUMENTATION_COMMENTS = YES;
				CLANG_WARN_EMPTY_BODY = YES;
				CLANG_WARN_ENUM_CONVERSION = YES;
				CLANG_WARN_INFINITE_RECURSION = YES;
				CLANG_WARN_INT_CONVERSION = YES;
				CLANG_WARN_NON_LITERAL_NULL_CONVERSION = YES;
				CLANG_WARN_OBJC_IMPLICIT_RETAIN_SELF = YES;
				CLANG_WARN_OBJC_LITERAL_CONVERSION = YES;
				CLANG_WARN_OBJC_ROOT_CLASS = YES_ERROR;
				CLANG_WARN_QUOTED_INCLUDE_IN_FRAMEWORK_HEADER = YES;
				CLANG_WARN_RANGE_LOOP_ANALYSIS = YES;
				CLANG_WARN_STRICT_PROTOTYPES = YES;
				CLANG_WARN_SUSPICIOUS_MOVE = YES;
				CLANG_WARN_UNGUARDED_AVAILABILITY = YES_AGGRESSIVE;
				CLANG_WARN_UNREACHABLE_CODE = YES;
				CLANG_WARN__DUPLICATE_METHOD_MATCH = YES;
				COPY_PHASE_STRIP = NO;
				DEBUG_INFORMATION_FORMAT = "dwarf-with-dsym";
				ENABLE_NS_ASSERTIONS = NO;
				ENABLE_STRICT_OBJC_MSGSEND = YES;
				GCC_C_LANGUAGE_STANDARD = gnu11;
				GCC_NO_COMMON_BLOCKS = YES;
				GCC_WARN_64_TO_32_BIT_CONVERSION = YES;
				GCC_WARN_ABOUT_RETURN_TYPE = YES_ERROR;
				GCC_WARN_UNDECLARED_SELECTOR = YES;
				GCC_WARN_UNINITIALIZED_AUTOS = YES_AGGRESSIVE;
				GCC_WARN_UNUSED_FUNCTION = YES;
				GCC_WARN_UNUSED_VARIABLE = YES;
				IPHONEOS_DEPLOYMENT_TARGET = 14.0;
				MTL_ENABLE_DEBUG_INFO = NO;
				MTL_FAST_MATH = YES;
				SDKROOT = iphoneos;
				SWIFT_COMPILATION_MODE = wholemodule;
				SWIFT_OPTIMIZATION_LEVEL = "-O";
				VALIDATE_PRODUCT = YES;
			};
			name = Release;
		};
		377DAA1224BE3AC90018E7C6 /* Debug */ = {
			isa = XCBuildConfiguration;
			buildSettings = {
				ASSETCATALOG_COMPILER_APPICON_NAME = AppIcon;
				ASSETCATALOG_COMPILER_GLOBAL_ACCENT_COLOR_NAME = AccentColor;
				CODE_SIGN_STYLE = Automatic;
				DEVELOPMENT_ASSET_PATHS = "\"Feeds/Preview Content\"";
				DEVELOPMENT_TEAM = 647GR2UNM5;
				ENABLE_PREVIEWS = YES;
				INFOPLIST_FILE = Feeds/Info.plist;
				LD_RUNPATH_SEARCH_PATHS = (
					"$(inherited)",
					"@executable_path/Frameworks",
				);
				PRODUCT_BUNDLE_IDENTIFIER = me.malstrom.Feedsy;
				PRODUCT_NAME = "$(TARGET_NAME)";
				SWIFT_VERSION = 5.0;
				TARGETED_DEVICE_FAMILY = "1,2";
			};
			name = Debug;
		};
		377DAA1324BE3AC90018E7C6 /* Release */ = {
			isa = XCBuildConfiguration;
			buildSettings = {
				ASSETCATALOG_COMPILER_APPICON_NAME = AppIcon;
				ASSETCATALOG_COMPILER_GLOBAL_ACCENT_COLOR_NAME = AccentColor;
				CODE_SIGN_STYLE = Automatic;
				DEVELOPMENT_ASSET_PATHS = "\"Feeds/Preview Content\"";
				DEVELOPMENT_TEAM = 647GR2UNM5;
				ENABLE_PREVIEWS = YES;
				INFOPLIST_FILE = Feeds/Info.plist;
				LD_RUNPATH_SEARCH_PATHS = (
					"$(inherited)",
					"@executable_path/Frameworks",
				);
				PRODUCT_BUNDLE_IDENTIFIER = me.malstrom.Feedsy;
				PRODUCT_NAME = "$(TARGET_NAME)";
				SWIFT_VERSION = 5.0;
				TARGETED_DEVICE_FAMILY = "1,2";
			};
			name = Release;
		};
/* End XCBuildConfiguration section */

/* Begin XCConfigurationList section */
		377DA9F824BE3AC90018E7C6 /* Build configuration list for PBXProject "Feeds" */ = {
			isa = XCConfigurationList;
			buildConfigurations = (
				377DAA0F24BE3AC90018E7C6 /* Debug */,
				377DAA1024BE3AC90018E7C6 /* Release */,
			);
			defaultConfigurationIsVisible = 0;
			defaultConfigurationName = Release;
		};
		377DAA1124BE3AC90018E7C6 /* Build configuration list for PBXNativeTarget "Feeds" */ = {
			isa = XCConfigurationList;
			buildConfigurations = (
				377DAA1224BE3AC90018E7C6 /* Debug */,
				377DAA1324BE3AC90018E7C6 /* Release */,
			);
			defaultConfigurationIsVisible = 0;
			defaultConfigurationName = Release;
		};
/* End XCConfigurationList section */

/* Begin XCRemoteSwiftPackageReference section */
		3784EA6124BE5EA900EBCB9C /* XCRemoteSwiftPackageReference "Kingfisher" */ = {
			isa = XCRemoteSwiftPackageReference;
			repositoryURL = "https://github.com/onevcat/Kingfisher";
			requirement = {
				kind = upToNextMajorVersion;
				minimumVersion = 5.14.1;
			};
		};
/* End XCRemoteSwiftPackageReference section */

/* Begin XCSwiftPackageProductDependency section */
		3784EA6224BE5EA900EBCB9C /* KingfisherSwiftUIStatic */ = {
			isa = XCSwiftPackageProductDependency;
			package = 3784EA6124BE5EA900EBCB9C /* XCRemoteSwiftPackageReference "Kingfisher" */;
			productName = KingfisherSwiftUIStatic;
		};
/* End XCSwiftPackageProductDependency section */
	};
	rootObject = 377DA9F524BE3AC90018E7C6 /* Project object */;
}
